// !$*UTF8*$!
{
	archiveVersion = 1;
	classes = {
	};
	objectVersion = 55;
	objects = {

/* Begin PBXBuildFile section */
		3A2160862A1E37F700FCF88F /* App.xcframework in Frameworks */ = {isa = PBXBuildFile; fileRef = 3A2160842A1E37F700FCF88F /* App.xcframework */; };
		3A2160872A1E37F700FCF88F /* FlutterMacOS.xcframework in Frameworks */ = {isa = PBXBuildFile; fileRef = 3A2160852A1E37F700FCF88F /* FlutterMacOS.xcframework */; };
		3A2160882A1E381E00FCF88F /* App.xcframework in CopyFiles */ = {isa = PBXBuildFile; fileRef = 3A2160842A1E37F700FCF88F /* App.xcframework */; settings = {ATTRIBUTES = (CodeSignOnCopy, RemoveHeadersOnCopy, ); }; };
		3A2160892A1E382200FCF88F /* FlutterMacOS.xcframework in CopyFiles */ = {isa = PBXBuildFile; fileRef = 3A2160852A1E37F700FCF88F /* FlutterMacOS.xcframework */; settings = {ATTRIBUTES = (CodeSignOnCopy, RemoveHeadersOnCopy, ); }; };
		3A7C742F2A1D487B0030B016 /* AppDelegate.swift in Sources */ = {isa = PBXBuildFile; fileRef = 3A7C742E2A1D487B0030B016 /* AppDelegate.swift */; };
		3A7C74312A1D487B0030B016 /* ViewController.swift in Sources */ = {isa = PBXBuildFile; fileRef = 3A7C74302A1D487B0030B016 /* ViewController.swift */; };
		3A7C74332A1D487D0030B016 /* Assets.xcassets in Resources */ = {isa = PBXBuildFile; fileRef = 3A7C74322A1D487D0030B016 /* Assets.xcassets */; };
		3A7C74362A1D487D0030B016 /* Main.storyboard in Resources */ = {isa = PBXBuildFile; fileRef = 3A7C74342A1D487D0030B016 /* Main.storyboard */; };
		3A7C743E2A1D489E0030B016 /* fltest.swift in Sources */ = {isa = PBXBuildFile; fileRef = 3A7C743D2A1D489E0030B016 /* fltest.swift */; };
/* End PBXBuildFile section */

/* Begin PBXCopyFilesBuildPhase section */
		3A7C74452A1D4A150030B016 /* CopyFiles */ = {
			isa = PBXCopyFilesBuildPhase;
			buildActionMask = 2147483647;
			dstPath = "";
			dstSubfolderSpec = 10;
			files = (
				3A2160892A1E382200FCF88F /* FlutterMacOS.xcframework in CopyFiles */,
				3A2160882A1E381E00FCF88F /* App.xcframework in CopyFiles */,
			);
			runOnlyForDeploymentPostprocessing = 0;
		};
/* End PBXCopyFilesBuildPhase section */

/* Begin PBXFileReference section */
		3A2160842A1E37F700FCF88F /* App.xcframework */ = {isa = PBXFileReference; lastKnownFileType = wrapper.xcframework; name = App.xcframework; path = basic_app/build/macos/framework/Debug/App.xcframework; sourceTree = SOURCE_ROOT; };
		3A2160852A1E37F700FCF88F /* FlutterMacOS.xcframework */ = {isa = PBXFileReference; lastKnownFileType = wrapper.xcframework; name = FlutterMacOS.xcframework; path = basic_app/build/macos/framework/Debug/FlutterMacOS.xcframework; sourceTree = SOURCE_ROOT; };
		3A7C742B2A1D487B0030B016 /* MacApp4.app */ = {isa = PBXFileReference; explicitFileType = wrapper.application; includeInIndex = 0; path = MacApp4.app; sourceTree = BUILT_PRODUCTS_DIR; };
		3A7C742E2A1D487B0030B016 /* AppDelegate.swift */ = {isa = PBXFileReference; lastKnownFileType = sourcecode.swift; path = AppDelegate.swift; sourceTree = "<group>"; };
		3A7C74302A1D487B0030B016 /* ViewController.swift */ = {isa = PBXFileReference; lastKnownFileType = sourcecode.swift; path = ViewController.swift; sourceTree = "<group>"; };
		3A7C74322A1D487D0030B016 /* Assets.xcassets */ = {isa = PBXFileReference; lastKnownFileType = folder.assetcatalog; path = Assets.xcassets; sourceTree = "<group>"; };
		3A7C74352A1D487D0030B016 /* Base */ = {isa = PBXFileReference; lastKnownFileType = file.storyboard; name = Base; path = Base.lproj/Main.storyboard; sourceTree = "<group>"; };
		3A7C74372A1D487D0030B016 /* MacApp4.entitlements */ = {isa = PBXFileReference; lastKnownFileType = text.plist.entitlements; path = MacApp4.entitlements; sourceTree = "<group>"; };
		3A7C743D2A1D489E0030B016 /* fltest.swift */ = {isa = PBXFileReference; lastKnownFileType = sourcecode.swift; path = fltest.swift; sourceTree = "<group>"; };
/* End PBXFileReference section */

/* Begin PBXFrameworksBuildPhase section */
		3A7C74282A1D487B0030B016 /* Frameworks */ = {
			isa = PBXFrameworksBuildPhase;
			buildActionMask = 2147483647;
			files = (
				3A2160872A1E37F700FCF88F /* FlutterMacOS.xcframework in Frameworks */,
				3A2160862A1E37F700FCF88F /* App.xcframework in Frameworks */,
			);
			runOnlyForDeploymentPostprocessing = 0;
		};
/* End PBXFrameworksBuildPhase section */

/* Begin PBXGroup section */
		3A7C74222A1D487B0030B016 = {
			isa = PBXGroup;
			children = (
				3A7C742D2A1D487B0030B016 /* MacApp4 */,
				3A7C742C2A1D487B0030B016 /* Products */,
			);
			sourceTree = "<group>";
		};
		3A7C742C2A1D487B0030B016 /* Products */ = {
			isa = PBXGroup;
			children = (
				3A7C742B2A1D487B0030B016 /* MacApp4.app */,
			);
			name = Products;
			sourceTree = "<group>";
		};
		3A7C742D2A1D487B0030B016 /* MacApp4 */ = {
			isa = PBXGroup;
			children = (
				3A7C742E2A1D487B0030B016 /* AppDelegate.swift */,
				3A7C74302A1D487B0030B016 /* ViewController.swift */,
				3A7C74322A1D487D0030B016 /* Assets.xcassets */,
				3A7C74342A1D487D0030B016 /* Main.storyboard */,
				3A7C74372A1D487D0030B016 /* MacApp4.entitlements */,
				3A7C743D2A1D489E0030B016 /* fltest.swift */,
				3A2160842A1E37F700FCF88F /* App.xcframework */,
				3A2160852A1E37F700FCF88F /* FlutterMacOS.xcframework */,
			);
			path = MacApp4;
			sourceTree = "<group>";
		};
/* End PBXGroup section */

/* Begin PBXNativeTarget section */
		3A7C742A2A1D487B0030B016 /* MacApp4 */ = {
			isa = PBXNativeTarget;
			buildConfigurationList = 3A7C743A2A1D487D0030B016 /* Build configuration list for PBXNativeTarget "MacApp4" */;
			buildPhases = (
				3A7C74272A1D487B0030B016 /* Sources */,
				3A7C74282A1D487B0030B016 /* Frameworks */,
				3A7C74292A1D487B0030B016 /* Resources */,
				3A7C74452A1D4A150030B016 /* CopyFiles */,
			);
			buildRules = (
			);
			dependencies = (
			);
			name = MacApp4;
			productName = MacApp4;
			productReference = 3A7C742B2A1D487B0030B016 /* MacApp4.app */;
			productType = "com.apple.product-type.application";
		};
/* End PBXNativeTarget section */

/* Begin PBXProject section */
		3A7C74232A1D487B0030B016 /* Project object */ = {
			isa = PBXProject;
			attributes = {
				BuildIndependentTargetsInParallel = 1;
				LastSwiftUpdateCheck = 1340;
				LastUpgradeCheck = 1340;
				TargetAttributes = {
					3A7C742A2A1D487B0030B016 = {
						CreatedOnToolsVersion = 13.4.1;
					};
				};
			};
			buildConfigurationList = 3A7C74262A1D487B0030B016 /* Build configuration list for PBXProject "MacApp4" */;
			compatibilityVersion = "Xcode 13.0";
			developmentRegion = en;
			hasScannedForEncodings = 0;
			knownRegions = (
				en,
				Base,
			);
			mainGroup = 3A7C74222A1D487B0030B016;
			productRefGroup = 3A7C742C2A1D487B0030B016 /* Products */;
			projectDirPath = "";
			projectRoot = "";
			targets = (
				3A7C742A2A1D487B0030B016 /* MacApp4 */,
			);
		};
/* End PBXProject section */

/* Begin PBXResourcesBuildPhase section */
		3A7C74292A1D487B0030B016 /* Resources */ = {
			isa = PBXResourcesBuildPhase;
			buildActionMask = 2147483647;
			files = (
				3A7C74332A1D487D0030B016 /* Assets.xcassets in Resources */,
				3A7C74362A1D487D0030B016 /* Main.storyboard in Resources */,
			);
			runOnlyForDeploymentPostprocessing = 0;
		};
/* End PBXResourcesBuildPhase section */

/* Begin PBXSourcesBuildPhase section */
		3A7C74272A1D487B0030B016 /* Sources */ = {
			isa = PBXSourcesBuildPhase;
			buildActionMask = 2147483647;
			files = (
				3A7C74312A1D487B0030B016 /* ViewController.swift in Sources */,
				3A7C743E2A1D489E0030B016 /* fltest.swift in Sources */,
				3A7C742F2A1D487B0030B016 /* AppDelegate.swift in Sources */,
			);
			runOnlyForDeploymentPostprocessing = 0;
		};
/* End PBXSourcesBuildPhase section */

/* Begin PBXVariantGroup section */
		3A7C74342A1D487D0030B016 /* Main.storyboard */ = {
			isa = PBXVariantGroup;
			children = (
				3A7C74352A1D487D0030B016 /* Base */,
			);
			name = Main.storyboard;
			sourceTree = "<group>";
		};
/* End PBXVariantGroup section */

/* Begin XCBuildConfiguration section */
		3A7C74382A1D487D0030B016 /* Debug */ = {
			isa = XCBuildConfiguration;
			buildSettings = {
				ALWAYS_SEARCH_USER_PATHS = NO;
				CLANG_ANALYZER_NONNULL = YES;
				CLANG_ANALYZER_NUMBER_OBJECT_CONVERSION = YES_AGGRESSIVE;
				CLANG_CXX_LANGUAGE_STANDARD = "gnu++17";
				CLANG_ENABLE_MODULES = YES;
				CLANG_ENABLE_OBJC_ARC = YES;
				CLANG_ENABLE_OBJC_WEAK = YES;
				CLANG_WARN_BLOCK_CAPTURE_AUTORELEASING = YES;
				CLANG_WARN_BOOL_CONVERSION = YES;
				CLANG_WARN_COMMA = YES;
				CLANG_WARN_CONSTANT_CONVERSION = YES;
				CLANG_WARN_DEPRECATED_OBJC_IMPLEMENTATIONS = YES;
				CLANG_WARN_DIRECT_OBJC_ISA_USAGE = YES_ERROR;
				CLANG_WARN_DOCUMENTATION_COMMENTS = YES;
				CLANG_WARN_EMPTY_BODY = YES;
				CLANG_WARN_ENUM_CONVERSION = YES;
				CLANG_WARN_INFINITE_RECURSION = YES;
				CLANG_WARN_INT_CONVERSION = YES;
				CLANG_WARN_NON_LITERAL_NULL_CONVERSION = YES;
				CLANG_WARN_OBJC_IMPLICIT_RETAIN_SELF = YES;
				CLANG_WARN_OBJC_LITERAL_CONVERSION = YES;
				CLANG_WARN_OBJC_ROOT_CLASS = YES_ERROR;
				CLANG_WARN_QUOTED_INCLUDE_IN_FRAMEWORK_HEADER = YES;
				CLANG_WARN_RANGE_LOOP_ANALYSIS = YES;
				CLANG_WARN_STRICT_PROTOTYPES = YES;
				CLANG_WARN_SUSPICIOUS_MOVE = YES;
				CLANG_WARN_UNGUARDED_AVAILABILITY = YES_AGGRESSIVE;
				CLANG_WARN_UNREACHABLE_CODE = YES;
				CLANG_WARN__DUPLICATE_METHOD_MATCH = YES;
				COPY_PHASE_STRIP = NO;
				DEBUG_INFORMATION_FORMAT = dwarf;
				ENABLE_STRICT_OBJC_MSGSEND = YES;
				ENABLE_TESTABILITY = YES;
				GCC_C_LANGUAGE_STANDARD = gnu11;
				GCC_DYNAMIC_NO_PIC = NO;
				GCC_NO_COMMON_BLOCKS = YES;
				GCC_OPTIMIZATION_LEVEL = 0;
				GCC_PREPROCESSOR_DEFINITIONS = (
					"DEBUG=1",
					"$(inherited)",
				);
				GCC_WARN_64_TO_32_BIT_CONVERSION = YES;
				GCC_WARN_ABOUT_RETURN_TYPE = YES_ERROR;
				GCC_WARN_UNDECLARED_SELECTOR = YES;
				GCC_WARN_UNINITIALIZED_AUTOS = YES_AGGRESSIVE;
				GCC_WARN_UNUSED_FUNCTION = YES;
				GCC_WARN_UNUSED_VARIABLE = YES;
				MACOSX_DEPLOYMENT_TARGET = 12.3;
				MTL_ENABLE_DEBUG_INFO = INCLUDE_SOURCE;
				MTL_FAST_MATH = YES;
				ONLY_ACTIVE_ARCH = YES;
				SDKROOT = macosx;
				SWIFT_ACTIVE_COMPILATION_CONDITIONS = DEBUG;
				SWIFT_OPTIMIZATION_LEVEL = "-Onone";
			};
			name = Debug;
		};
		3A7C74392A1D487D0030B016 /* Release */ = {
			isa = XCBuildConfiguration;
			buildSettings = {
				ALWAYS_SEARCH_USER_PATHS = NO;
				CLANG_ANALYZER_NONNULL = YES;
				CLANG_ANALYZER_NUMBER_OBJECT_CONVERSION = YES_AGGRESSIVE;
				CLANG_CXX_LANGUAGE_STANDARD = "gnu++17";
				CLANG_ENABLE_MODULES = YES;
				CLANG_ENABLE_OBJC_ARC = YES;
				CLANG_ENABLE_OBJC_WEAK = YES;
				CLANG_WARN_BLOCK_CAPTURE_AUTORELEASING = YES;
				CLANG_WARN_BOOL_CONVERSION = YES;
				CLANG_WARN_COMMA = YES;
				CLANG_WARN_CONSTANT_CONVERSION = YES;
				CLANG_WARN_DEPRECATED_OBJC_IMPLEMENTATIONS = YES;
				CLANG_WARN_DIRECT_OBJC_ISA_USAGE = YES_ERROR;
				CLANG_WARN_DOCUMENTATION_COMMENTS = YES;
				CLANG_WARN_EMPTY_BODY = YES;
				CLANG_WARN_ENUM_CONVERSION = YES;
				CLANG_WARN_INFINITE_RECURSION = YES;
				CLANG_WARN_INT_CONVERSION = YES;
				CLANG_WARN_NON_LITERAL_NULL_CONVERSION = YES;
				CLANG_WARN_OBJC_IMPLICIT_RETAIN_SELF = YES;
				CLANG_WARN_OBJC_LITERAL_CONVERSION = YES;
				CLANG_WARN_OBJC_ROOT_CLASS = YES_ERROR;
				CLANG_WARN_QUOTED_INCLUDE_IN_FRAMEWORK_HEADER = YES;
				CLANG_WARN_RANGE_LOOP_ANALYSIS = YES;
				CLANG_WARN_STRICT_PROTOTYPES = YES;
				CLANG_WARN_SUSPICIOUS_MOVE = YES;
				CLANG_WARN_UNGUARDED_AVAILABILITY = YES_AGGRESSIVE;
				CLANG_WARN_UNREACHABLE_CODE = YES;
				CLANG_WARN__DUPLICATE_METHOD_MATCH = YES;
				COPY_PHASE_STRIP = NO;
				DEBUG_INFORMATION_FORMAT = "dwarf-with-dsym";
				ENABLE_NS_ASSERTIONS = NO;
				ENABLE_STRICT_OBJC_MSGSEND = YES;
				GCC_C_LANGUAGE_STANDARD = gnu11;
				GCC_NO_COMMON_BLOCKS = YES;
				GCC_WARN_64_TO_32_BIT_CONVERSION = YES;
				GCC_WARN_ABOUT_RETURN_TYPE = YES_ERROR;
				GCC_WARN_UNDECLARED_SELECTOR = YES;
				GCC_WARN_UNINITIALIZED_AUTOS = YES_AGGRESSIVE;
				GCC_WARN_UNUSED_FUNCTION = YES;
				GCC_WARN_UNUSED_VARIABLE = YES;
				MACOSX_DEPLOYMENT_TARGET = 12.3;
				MTL_ENABLE_DEBUG_INFO = NO;
				MTL_FAST_MATH = YES;
				SDKROOT = macosx;
				SWIFT_COMPILATION_MODE = wholemodule;
				SWIFT_OPTIMIZATION_LEVEL = "-O";
			};
			name = Release;
		};
		3A7C743B2A1D487D0030B016 /* Debug */ = {
			isa = XCBuildConfiguration;
			buildSettings = {
				ASSETCATALOG_COMPILER_APPICON_NAME = AppIcon;
				ASSETCATALOG_COMPILER_GLOBAL_ACCENT_COLOR_NAME = AccentColor;
				CODE_SIGN_ENTITLEMENTS = MacApp4/MacApp4.entitlements;
				CODE_SIGN_STYLE = Automatic;
				COMBINE_HIDPI_IMAGES = YES;
				CURRENT_PROJECT_VERSION = 1;
				DEVELOPMENT_TEAM = 3ZW8CQVDYJ;
				ENABLE_HARDENED_RUNTIME = YES;
				FRAMEWORK_SEARCH_PATHS = (
					"$(inherited)",
					"$(PROJECT_DIR)",
				);
				GENERATE_INFOPLIST_FILE = YES;
				INFOPLIST_KEY_NSHumanReadableCopyright = "";
				INFOPLIST_KEY_NSMainStoryboardFile = Main;
				INFOPLIST_KEY_NSPrincipalClass = NSApplication;
				LD_RUNPATH_SEARCH_PATHS = (
					"$(inherited)",
					"@executable_path/../Frameworks",
				);
				MARKETING_VERSION = 1.0;
				PRODUCT_BUNDLE_IDENTIFIER = none.MacApp4;
				PRODUCT_NAME = "$(TARGET_NAME)";
				SWIFT_EMIT_LOC_STRINGS = YES;
				SWIFT_VERSION = 5.0;
			};
			name = Debug;
		};
		3A7C743C2A1D487D0030B016 /* Release */ = {
			isa = XCBuildConfiguration;
			buildSettings = {
				ASSETCATALOG_COMPILER_APPICON_NAME = AppIcon;
				ASSETCATALOG_COMPILER_GLOBAL_ACCENT_COLOR_NAME = AccentColor;
				CODE_SIGN_ENTITLEMENTS = MacApp4/MacApp4.entitlements;
				CODE_SIGN_STYLE = Automatic;
				COMBINE_HIDPI_IMAGES = YES;
				CURRENT_PROJECT_VERSION = 1;
				DEVELOPMENT_TEAM = 3ZW8CQVDYJ;
				ENABLE_HARDENED_RUNTIME = YES;
				FRAMEWORK_SEARCH_PATHS = (
					"$(inherited)",
					"$(PROJECT_DIR)",
				);
				GENERATE_INFOPLIST_FILE = YES;
				INFOPLIST_KEY_NSHumanReadableCopyright = "";
				INFOPLIST_KEY_NSMainStoryboardFile = Main;
				INFOPLIST_KEY_NSPrincipalClass = NSApplication;
				LD_RUNPATH_SEARCH_PATHS = (
					"$(inherited)",
					"@executable_path/../Frameworks",
				);
				MARKETING_VERSION = 1.0;
				PRODUCT_BUNDLE_IDENTIFIER = none.MacApp4;
				PRODUCT_NAME = "$(TARGET_NAME)";
				SWIFT_EMIT_LOC_STRINGS = YES;
				SWIFT_VERSION = 5.0;
			};
			name = Release;
		};
/* End XCBuildConfiguration section */

/* Begin XCConfigurationList section */
		3A7C74262A1D487B0030B016 /* Build configuration list for PBXProject "MacApp4" */ = {
			isa = XCConfigurationList;
			buildConfigurations = (
				3A7C74382A1D487D0030B016 /* Debug */,
				3A7C74392A1D487D0030B016 /* Release */,
			);
			defaultConfigurationIsVisible = 0;
			defaultConfigurationName = Release;
		};
		3A7C743A2A1D487D0030B016 /* Build configuration list for PBXNativeTarget "MacApp4" */ = {
			isa = XCConfigurationList;
			buildConfigurations = (
				3A7C743B2A1D487D0030B016 /* Debug */,
				3A7C743C2A1D487D0030B016 /* Release */,
			);
			defaultConfigurationIsVisible = 0;
			defaultConfigurationName = Release;
		};
/* End XCConfigurationList section */
	};
	rootObject = 3A7C74232A1D487B0030B016 /* Project object */;
}
